
Microsoft Visual Studio Solution File, Format Version 12.00
# Visual Studio Version 17
Project("{8BC9CEB8-8B4A-11D0-8D11-00A0C91BC942}") = "ALL_BUILD", "ALL_BUILD.vcxproj", "{5973C458-0D6B-3A59-91B9-4052A0C31B3B}"
	ProjectSection(ProjectDependencies) = postProject
		{80480574-3030-38B9-B3DC-C5D600A5B048} = {80480574-3030-38B9-B3DC-C5D600A5B048}
		{676D81ED-966E-35D6-BEC0-FBD500A08978} = {676D81ED-966E-35D6-BEC0-FBD500A08978}
		{AF5FC71A-3628-3ED1-8B75-4D1A29758024} = {AF5FC71A-3628-3ED1-8B75-4D1A29758024}
	EndProjectSection
EndProject
Project("{8BC9CEB8-8B4A-11D0-8D11-00A0C91BC942}") = "ZERO_CHECK", "ZERO_CHECK.vcxproj", "{80480574-3030-38B9-B3DC-C5D600A5B048}"
	ProjectSection(ProjectDependencies) = postProject
	EndProjectSection
EndProject
Project("{8BC9CEB8-8B4A-11D0-8D11-00A0C91BC942}") = "cucodes", "cucodes.vcxproj", "{676D81ED-966E-35D6-BEC0-FBD500A08978}"
	ProjectSection(ProjectDependencies) = postProject
		{80480574-3030-38B9-B3DC-C5D600A5B048} = {80480574-3030-38B9-B3DC-C5D600A5B048}
	EndProjectSection
EndProject
Project("{8BC9CEB8-8B4A-11D0-8D11-00A0C91BC942}") = "pro", "pro.vcxproj", "{AF5FC71A-3628-3ED1-8B75-4D1A29758024}"
	ProjectSection(ProjectDependencies) = postProject
		{80480574-3030-38B9-B3DC-C5D600A5B048} = {80480574-3030-38B9-B3DC-C5D600A5B048}
		{676D81ED-966E-35D6-BEC0-FBD500A08978} = {676D81ED-966E-35D6-BEC0-FBD500A08978}
	EndProjectSection
EndProject
Project("{8BC9CEB8-8B4A-11D0-8D11-00A0C91BC942}") = "run", "run.vcxproj", "{D062BE1D-EAA5-3C22-8418-7F9C5C694213}"
	ProjectSection(ProjectDependencies) = postProject
		{80480574-3030-38B9-B3DC-C5D600A5B048} = {80480574-3030-38B9-B3DC-C5D600A5B048}
		{AF5FC71A-3628-3ED1-8B75-4D1A29758024} = {AF5FC71A-3628-3ED1-8B75-4D1A29758024}
	EndProjectSection
EndProject
Global
	GlobalSection(SolutionConfigurationPlatforms) = preSolution
		Debug|x64 = Debug|x64
		Release|x64 = Release|x64
		MinSizeRel|x64 = MinSizeRel|x64
		RelWithDebInfo|x64 = RelWithDebInfo|x64
	EndGlobalSection
	GlobalSection(ProjectConfigurationPlatforms) = postSolution
		{5973C458-0D6B-3A59-91B9-4052A0C31B3B}.Debug|x64.ActiveCfg = Debug|x64
		{5973C458-0D6B-3A59-91B9-4052A0C31B3B}.Release|x64.ActiveCfg = Release|x64
		{5973C458-0D6B-3A59-91B9-4052A0C31B3B}.MinSizeRel|x64.ActiveCfg = MinSizeRel|x64
		{5973C458-0D6B-3A59-91B9-4052A0C31B3B}.RelWithDebInfo|x64.ActiveCfg = RelWithDebInfo|x64
		{80480574-3030-38B9-B3DC-C5D600A5B048}.Debug|x64.ActiveCfg = Debug|x64
		{80480574-3030-38B9-B3DC-C5D600A5B048}.Debug|x64.Build.0 = Debug|x64
		{80480574-3030-38B9-B3DC-C5D600A5B048}.Release|x64.ActiveCfg = Release|x64
		{80480574-3030-38B9-B3DC-C5D600A5B048}.Release|x64.Build.0 = Release|x64
		{80480574-3030-38B9-B3DC-C5D600A5B048}.MinSizeRel|x64.ActiveCfg = MinSizeRel|x64
		{80480574-3030-38B9-B3DC-C5D600A5B048}.MinSizeRel|x64.Build.0 = MinSizeRel|x64
		{80480574-3030-38B9-B3DC-C5D600A5B048}.RelWithDebInfo|x64.ActiveCfg = RelWithDebInfo|x64
		{80480574-3030-38B9-B3DC-C5D600A5B048}.RelWithDebInfo|x64.Build.0 = RelWithDebInfo|x64
		{676D81ED-966E-35D6-BEC0-FBD500A08978}.Debug|x64.ActiveCfg = Debug|x64
		{676D81ED-966E-35D6-BEC0-FBD500A08978}.Debug|x64.Build.0 = Debug|x64
		{676D81ED-966E-35D6-BEC0-FBD500A08978}.Release|x64.ActiveCfg = Release|x64
		{676D81ED-966E-35D6-BEC0-FBD500A08978}.Release|x64.Build.0 = Release|x64
		{676D81ED-966E-35D6-BEC0-FBD500A08978}.MinSizeRel|x64.ActiveCfg = MinSizeRel|x64
		{676D81ED-966E-35D6-BEC0-FBD500A08978}.MinSizeRel|x64.Build.0 = MinSizeRel|x64
		{676D81ED-966E-35D6-BEC0-FBD500A08978}.RelWithDebInfo|x64.ActiveCfg = RelWithDebInfo|x64
		{676D81ED-966E-35D6-BEC0-FBD500A08978}.RelWithDebInfo|x64.Build.0 = RelWithDebInfo|x64
		{AF5FC71A-3628-3ED1-8B75-4D1A29758024}.Debug|x64.ActiveCfg = Debug|x64
		{AF5FC71A-3628-3ED1-8B75-4D1A29758024}.Debug|x64.Build.0 = Debug|x64
		{AF5FC71A-3628-3ED1-8B75-4D1A29758024}.Release|x64.ActiveCfg = Release|x64
		{AF5FC71A-3628-3ED1-8B75-4D1A29758024}.Release|x64.Build.0 = Release|x64
		{AF5FC71A-3628-3ED1-8B75-4D1A29758024}.MinSizeRel|x64.ActiveCfg = MinSizeRel|x64
		{AF5FC71A-3628-3ED1-8B75-4D1A29758024}.MinSizeRel|x64.Build.0 = MinSizeRel|x64
		{AF5FC71A-3628-3ED1-8B75-4D1A29758024}.RelWithDebInfo|x64.ActiveCfg = RelWithDebInfo|x64
		{AF5FC71A-3628-3ED1-8B75-4D1A29758024}.RelWithDebInfo|x64.Build.0 = RelWithDebInfo|x64
		{D062BE1D-EAA5-3C22-8418-7F9C5C694213}.Debug|x64.ActiveCfg = Debug|x64
		{D062BE1D-EAA5-3C22-8418-7F9C5C694213}.Release|x64.ActiveCfg = Release|x64
		{D062BE1D-EAA5-3C22-8418-7F9C5C694213}.MinSizeRel|x64.ActiveCfg = MinSizeRel|x64
		{D062BE1D-EAA5-3C22-8418-7F9C5C694213}.RelWithDebInfo|x64.ActiveCfg = RelWithDebInfo|x64
	EndGlobalSection
	GlobalSection(ExtensibilityGlobals) = postSolution
		SolutionGuid = {CCF35BC7-5EEA-3F2D-AC09-2E6C50511165}
	EndGlobalSection
	GlobalSection(ExtensibilityAddIns) = postSolution
	EndGlobalSection
EndGlobal
